
Microsoft Visual Studio Solution File, Format Version 12.00
# Visual Studio Version 16
VisualStudioVersion = 16.0.30114.105
MinimumVisualStudioVersion = 10.0.40219.1
Project("{FAE04EC0-301F-11D3-BF4B-00C04F79EFBC}") = "SentimentAnalysis.ConsoleApp", "SentimentAnalysis.ConsoleApp\SentimentAnalysis.ConsoleApp.csproj", "{239EA5C4-033D-4A84-98BA-66E8B9BADBB0}"
EndProject
Project("{FAE04EC0-301F-11D3-BF4B-00C04F79EFBC}") = "SentimentAnalysis.Model", "SentimentAnalysis.Model\SentimentAnalysis.Model.csproj", "{9437EE88-65C7-4C5E-8BFA-436F0C60FFFE}"
EndProject
Global
	GlobalSection(SolutionConfigurationPlatforms) = preSolution
		Debug|Any CPU = Debug|Any CPU
		Release|Any CPU = Release|Any CPU
	EndGlobalSection
	GlobalSection(SolutionProperties) = preSolution
		HideSolutionNode = FALSE
	EndGlobalSection
	GlobalSection(ProjectConfigurationPlatforms) = postSolution
		{239EA5C4-033D-4A84-98BA-66E8B9BADBB0}.Debug|Any CPU.ActiveCfg = Debug|Any CPU
		{239EA5C4-033D-4A84-98BA-66E8B9BADBB0}.Debug|Any CPU.Build.0 = Debug|Any CPU
		{239EA5C4-033D-4A84-98BA-66E8B9BADBB0}.Release|Any CPU.ActiveCfg = Release|Any CPU
		{239EA5C4-033D-4A84-98BA-66E8B9BADBB0}.Release|Any CPU.Build.0 = Release|Any CPU
		{9437EE88-65C7-4C5E-8BFA-436F0C60FFFE}.Debug|Any CPU.ActiveCfg = Debug|Any CPU
		{9437EE88-65C7-4C5E-8BFA-436F0C60FFFE}.Debug|Any CPU.Build.0 = Debug|Any CPU
		{9437EE88-65C7-4C5E-8BFA-436F0C60FFFE}.Release|Any CPU.ActiveCfg = Release|Any CPU
		{9437EE88-65C7-4C5E-8BFA-436F0C60FFFE}.Release|Any CPU.Build.0 = Release|Any CPU
	EndGlobalSection
EndGlobal
